
Microsoft Visual Studio Solution File, Format Version 12.00
# Visual Studio 15
VisualStudioVersion = 15.0.26124.0
MinimumVisualStudioVersion = 15.0.26124.0
Project("{2150E333-8FDC-42A3-9474-1A3956D46DE8}") = "src", "src", "{767F9CA0-CBB4-4964-A34A-C6AA88E2595E}"
EndProject
Project("{FAE04EC0-301F-11D3-BF4B-00C04F79EFBC}") = "Mockasin.Mocks", "src\Mockasin.Mocks\Mockasin.Mocks.csproj", "{39D0A992-F2BB-4FA0-8248-C41BC388283D}"
EndProject
Project("{FAE04EC0-301F-11D3-BF4B-00C04F79EFBC}") = "Mockasin.Web", "src\Mockasin.Web\Mockasin.Web.csproj", "{3BCDD0FF-E675-47ED-AE85-F3140654A56A}"
EndProject
Project("{2150E333-8FDC-42A3-9474-1A3956D46DE8}") = "test", "test", "{4F8E5B7B-B7AE-44DA-A4F0-E6ADCFAE4C6E}"
EndProject
Project("{FAE04EC0-301F-11D3-BF4B-00C04F79EFBC}") = "Mockasin.Mocks.Test", "test\Mockasin.Mocks.Test\Mockasin.Mocks.Test.csproj", "{0E407A6F-5225-4454-84AB-CD1E57F0722F}"
EndProject
Global
	GlobalSection(SolutionConfigurationPlatforms) = preSolution
		Debug|Any CPU = Debug|Any CPU
		Release|Any CPU = Release|Any CPU
	EndGlobalSection
	GlobalSection(SolutionProperties) = preSolution
		HideSolutionNode = FALSE
	EndGlobalSection
	GlobalSection(ProjectConfigurationPlatforms) = postSolution
		{39D0A992-F2BB-4FA0-8248-C41BC388283D}.Debug|Any CPU.ActiveCfg = Debug|Any CPU
		{39D0A992-F2BB-4FA0-8248-C41BC388283D}.Debug|Any CPU.Build.0 = Debug|Any CPU
		{39D0A992-F2BB-4FA0-8248-C41BC388283D}.Release|Any CPU.ActiveCfg = Release|Any CPU
		{39D0A992-F2BB-4FA0-8248-C41BC388283D}.Release|Any CPU.Build.0 = Release|Any CPU
		{3BCDD0FF-E675-47ED-AE85-F3140654A56A}.Debug|Any CPU.ActiveCfg = Debug|Any CPU
		{3BCDD0FF-E675-47ED-AE85-F3140654A56A}.Debug|Any CPU.Build.0 = Debug|Any CPU
		{3BCDD0FF-E675-47ED-AE85-F3140654A56A}.Release|Any CPU.ActiveCfg = Release|Any CPU
		{3BCDD0FF-E675-47ED-AE85-F3140654A56A}.Release|Any CPU.Build.0 = Release|Any CPU
		{0E407A6F-5225-4454-84AB-CD1E57F0722F}.Debug|Any CPU.ActiveCfg = Debug|Any CPU
		{0E407A6F-5225-4454-84AB-CD1E57F0722F}.Debug|Any CPU.Build.0 = Debug|Any CPU
		{0E407A6F-5225-4454-84AB-CD1E57F0722F}.Release|Any CPU.ActiveCfg = Release|Any CPU
		{0E407A6F-5225-4454-84AB-CD1E57F0722F}.Release|Any CPU.Build.0 = Release|Any CPU
	EndGlobalSection
	GlobalSection(NestedProjects) = preSolution
		{39D0A992-F2BB-4FA0-8248-C41BC388283D} = {767F9CA0-CBB4-4964-A34A-C6AA88E2595E}
		{3BCDD0FF-E675-47ED-AE85-F3140654A56A} = {767F9CA0-CBB4-4964-A34A-C6AA88E2595E}
		{0E407A6F-5225-4454-84AB-CD1E57F0722F} = {4F8E5B7B-B7AE-44DA-A4F0-E6ADCFAE4C6E}
	EndGlobalSection
EndGlobal
